{
  "name": "lg",
  "lockfileVersion": 3,
  "requires": true,
  "packages": {
    "": {
      "dependencies": {
        "transit-js": "file:vendor/transit-js-esm"
      }
    },
    "node_modules/transit-js": {
      "resolved": "vendor/transit-js-esm",
      "link": true
    },
    "node_modules/transit-js-cjs": {
      "name": "transit-js",
      "version": "0.8.874",
      "resolved": "https://registry.npmjs.org/transit-js/-/transit-js-0.8.874.tgz",
      "integrity": "sha512-IDJJGKRzUbJHmN0P15HBBa05nbKor3r2MmG6aSt0UxXIlJZZKcddTk67/U7WyAeW9Hv/VYI02IqLzolsC4sbPA==",
      "license": "Apache-2.0",
      "engines": {
        "node": ">= 0.10.0"
      }
    },
    "vendor/transit-js-esm": {
      "name": "transit-js",
      "version": "0.8.874-esm",
      "dependencies": {
        "transit-js-cjs": "npm:transit-js@0.8.874"
      }
    }
  }
}
